
Microsoft Visual Studio Solution File, Format Version 12.00
# Visual Studio 15
VisualStudioVersion = 15.0.26403.7
MinimumVisualStudioVersion = 10.0.40219.1
Project("{FAE04EC0-301F-11D3-BF4B-00C04F79EFBC}") = "Proiect GC", "Proiect GC\Proiect GC.csproj", "{BBB3C85F-A0FB-4F91-8471-554C3C137C5D}"
EndProject
Global
	GlobalSection(SolutionConfigurationPlatforms) = preSolution
		Debug|Any CPU = Debug|Any CPU
		Release|Any CPU = Release|Any CPU
	EndGlobalSection
	GlobalSection(ProjectConfigurationPlatforms) = postSolution
		{BBB3C85F-A0FB-4F91-8471-554C3C137C5D}.Debug|Any CPU.ActiveCfg = Debug|Any CPU
		{BBB3C85F-A0FB-4F91-8471-554C3C137C5D}.Debug|Any CPU.Build.0 = Debug|Any CPU
		{BBB3C85F-A0FB-4F91-8471-554C3C137C5D}.Release|Any CPU.ActiveCfg = Release|Any CPU
		{BBB3C85F-A0FB-4F91-8471-554C3C137C5D}.Release|Any CPU.Build.0 = Release|Any CPU
	EndGlobalSection
	GlobalSection(SolutionProperties) = preSolution
		HideSolutionNode = FALSE
	EndGlobalSection
EndGlobal
